
Microsoft Visual Studio Solution File, Format Version 12.00
# Visual Studio Version 17
VisualStudioVersion = 17.11.35222.181
MinimumVisualStudioVersion = 10.0.40219.1
Project("{FAE04EC0-301F-11D3-BF4B-00C04F79EFBC}") = "market api", "market api.csproj", "{46E8FD0E-3335-4472-A79C-26C6DA2C8270}"
EndProject
Global
	GlobalSection(SolutionConfigurationPlatforms) = preSolution
		Debug|Any CPU = Debug|Any CPU
		Release|Any CPU = Release|Any CPU
	EndGlobalSection
	GlobalSection(ProjectConfigurationPlatforms) = postSolution
		{46E8FD0E-3335-4472-A79C-26C6DA2C8270}.Debug|Any CPU.ActiveCfg = Debug|Any CPU
		{46E8FD0E-3335-4472-A79C-26C6DA2C8270}.Debug|Any CPU.Build.0 = Debug|Any CPU
		{46E8FD0E-3335-4472-A79C-26C6DA2C8270}.Release|Any CPU.ActiveCfg = Release|Any CPU
		{46E8FD0E-3335-4472-A79C-26C6DA2C8270}.Release|Any CPU.Build.0 = Release|Any CPU
	EndGlobalSection
	GlobalSection(SolutionProperties) = preSolution
		HideSolutionNode = FALSE
	EndGlobalSection
	GlobalSection(ExtensibilityGlobals) = postSolution
		SolutionGuid = {925A8EDB-A274-4D16-B788-F6DE074D37F9}
	EndGlobalSection
EndGlobal
